
Microsoft Visual Studio Solution File, Format Version 12.00
# Visual Studio Version 16
VisualStudioVersion = 16.0.31624.102
MinimumVisualStudioVersion = 10.0.40219.1
Project("{FAE04EC0-301F-11D3-BF4B-00C04F79EFBC}") = "mtzkit 2", "mtzkit 2.csproj", "{C96FC134-587E-4086-835C-E7E70BDE0D5F}"
EndProject
Global
	GlobalSection(SolutionConfigurationPlatforms) = preSolution
		Debug|Any CPU = Debug|Any CPU
		Release|Any CPU = Release|Any CPU
	EndGlobalSection
	GlobalSection(ProjectConfigurationPlatforms) = postSolution
		{C96FC134-587E-4086-835C-E7E70BDE0D5F}.Debug|Any CPU.ActiveCfg = Debug|Any CPU
		{C96FC134-587E-4086-835C-E7E70BDE0D5F}.Debug|Any CPU.Build.0 = Debug|Any CPU
		{C96FC134-587E-4086-835C-E7E70BDE0D5F}.Release|Any CPU.ActiveCfg = Release|Any CPU
		{C96FC134-587E-4086-835C-E7E70BDE0D5F}.Release|Any CPU.Build.0 = Release|Any CPU
	EndGlobalSection
	GlobalSection(SolutionProperties) = preSolution
		HideSolutionNode = FALSE
	EndGlobalSection
	GlobalSection(ExtensibilityGlobals) = postSolution
		SolutionGuid = {2CF0F264-6BBA-48DA-B953-79C28888912E}
	EndGlobalSection
EndGlobal
